
Microsoft Visual Studio Solution File, Format Version 10.00
# Visual Studio 2008
Project("{FAE04EC0-301F-11D3-BF4B-00C04F79EFBC}") = "Nathandelane.Net.WebGet", "Nathandelane.Net.WebGet\Nathandelane.Net.WebGet.csproj", "{11752844-0E6D-484A-A5EB-51577877C5E8}"
EndProject
Project("{FAE04EC0-301F-11D3-BF4B-00C04F79EFBC}") = "Nathandelane.Net.WebGet.ConsoleWebGet", "Nathandelane.Net.WebGet.ConsoleWebGet\Nathandelane.Net.WebGet.ConsoleWebGet.csproj", "{446999D2-973F-458E-91A3-DDF2580D18E8}"
EndProject
Project("{FAE04EC0-301F-11D3-BF4B-00C04F79EFBC}") = "Nathandelane.Net.WebGet.GraphicalWebGet", "Nathandelane.Net.WebGet.GraphicalWebGet\Nathandelane.Net.WebGet.GraphicalWebGet.csproj", "{AD92E255-9A6E-47E9-9651-3160909D3AED}"
EndProject
Global
	GlobalSection(SolutionConfigurationPlatforms) = preSolution
		Debug|Any CPU = Debug|Any CPU
		Release|Any CPU = Release|Any CPU
	EndGlobalSection
	GlobalSection(ProjectConfigurationPlatforms) = postSolution
		{11752844-0E6D-484A-A5EB-51577877C5E8}.Debug|Any CPU.ActiveCfg = Debug|Any CPU
		{11752844-0E6D-484A-A5EB-51577877C5E8}.Debug|Any CPU.Build.0 = Debug|Any CPU
		{11752844-0E6D-484A-A5EB-51577877C5E8}.Release|Any CPU.ActiveCfg = Release|Any CPU
		{11752844-0E6D-484A-A5EB-51577877C5E8}.Release|Any CPU.Build.0 = Release|Any CPU
		{446999D2-973F-458E-91A3-DDF2580D18E8}.Debug|Any CPU.ActiveCfg = Debug|Any CPU
		{446999D2-973F-458E-91A3-DDF2580D18E8}.Debug|Any CPU.Build.0 = Debug|Any CPU
		{446999D2-973F-458E-91A3-DDF2580D18E8}.Release|Any CPU.ActiveCfg = Release|Any CPU
		{446999D2-973F-458E-91A3-DDF2580D18E8}.Release|Any CPU.Build.0 = Release|Any CPU
		{AD92E255-9A6E-47E9-9651-3160909D3AED}.Debug|Any CPU.ActiveCfg = Debug|Any CPU
		{AD92E255-9A6E-47E9-9651-3160909D3AED}.Debug|Any CPU.Build.0 = Debug|Any CPU
		{AD92E255-9A6E-47E9-9651-3160909D3AED}.Release|Any CPU.ActiveCfg = Release|Any CPU
		{AD92E255-9A6E-47E9-9651-3160909D3AED}.Release|Any CPU.Build.0 = Release|Any CPU
	EndGlobalSection
	GlobalSection(SolutionProperties) = preSolution
		HideSolutionNode = FALSE
	EndGlobalSection
EndGlobal
