
Microsoft Visual Studio Solution File, Format Version 9.00
# Visual C# Express 2005
Project("{FAE04EC0-301F-11D3-BF4B-00C04F79EFBC}") = "Nathandelane.IO.CountCommonLines", "Nathandelane.IO.CountCommonLines\Nathandelane.IO.CountCommonLines.csproj", "{DE3DB2C6-05F3-48F2-9385-E88F511188A9}"
EndProject
Global
	GlobalSection(SolutionConfigurationPlatforms) = preSolution
		Debug|Any CPU = Debug|Any CPU
		Release|Any CPU = Release|Any CPU
	EndGlobalSection
	GlobalSection(ProjectConfigurationPlatforms) = postSolution
		{DE3DB2C6-05F3-48F2-9385-E88F511188A9}.Debug|Any CPU.ActiveCfg = Debug|Any CPU
		{DE3DB2C6-05F3-48F2-9385-E88F511188A9}.Debug|Any CPU.Build.0 = Debug|Any CPU
		{DE3DB2C6-05F3-48F2-9385-E88F511188A9}.Release|Any CPU.ActiveCfg = Release|Any CPU
		{DE3DB2C6-05F3-48F2-9385-E88F511188A9}.Release|Any CPU.Build.0 = Release|Any CPU
	EndGlobalSection
	GlobalSection(SolutionProperties) = preSolution
		HideSolutionNode = FALSE
	EndGlobalSection
EndGlobal
