
Microsoft Visual Studio Solution File, Format Version 10.00
# Visual Studio 2008
Project("{FAE04EC0-301F-11D3-BF4B-00C04F79EFBC}") = "Nathandelane.NCommand", "Nathandelane.NCommand\Nathandelane.NCommand.csproj", "{507B2E66-91CC-43BE-8D46-D895F7EBCCFD}"
EndProject
Project("{FAE04EC0-301F-11D3-BF4B-00C04F79EFBC}") = "Nathandelane.NCommand.CommandLibrary", "Nathandelane.NCommand.CommandLibrary\Nathandelane.NCommand.CommandLibrary.csproj", "{7FA94259-35BE-4A97-AC6D-0CCBFB3E20AE}"
EndProject
Global
	GlobalSection(SolutionConfigurationPlatforms) = preSolution
		Debug|Any CPU = Debug|Any CPU
		Release|Any CPU = Release|Any CPU
	EndGlobalSection
	GlobalSection(ProjectConfigurationPlatforms) = postSolution
		{507B2E66-91CC-43BE-8D46-D895F7EBCCFD}.Debug|Any CPU.ActiveCfg = Debug|Any CPU
		{507B2E66-91CC-43BE-8D46-D895F7EBCCFD}.Debug|Any CPU.Build.0 = Debug|Any CPU
		{507B2E66-91CC-43BE-8D46-D895F7EBCCFD}.Release|Any CPU.ActiveCfg = Release|Any CPU
		{507B2E66-91CC-43BE-8D46-D895F7EBCCFD}.Release|Any CPU.Build.0 = Release|Any CPU
		{7FA94259-35BE-4A97-AC6D-0CCBFB3E20AE}.Debug|Any CPU.ActiveCfg = Debug|Any CPU
		{7FA94259-35BE-4A97-AC6D-0CCBFB3E20AE}.Debug|Any CPU.Build.0 = Debug|Any CPU
		{7FA94259-35BE-4A97-AC6D-0CCBFB3E20AE}.Release|Any CPU.ActiveCfg = Release|Any CPU
		{7FA94259-35BE-4A97-AC6D-0CCBFB3E20AE}.Release|Any CPU.Build.0 = Release|Any CPU
	EndGlobalSection
	GlobalSection(SolutionProperties) = preSolution
		HideSolutionNode = FALSE
	EndGlobalSection
EndGlobal
