
Microsoft Visual Studio Solution File, Format Version 10.00
# Visual Studio 2008
Project("{FAE04EC0-301F-11D3-BF4B-00C04F79EFBC}") = "Nathandelane.Net.Catcher", "Nathandelane.Net.Catcher\Nathandelane.Net.Catcher.csproj", "{6019409D-B0FE-4778-8158-7DFC6D1CF934}"
EndProject
Global
	GlobalSection(SolutionConfigurationPlatforms) = preSolution
		Debug|Any CPU = Debug|Any CPU
		Release|Any CPU = Release|Any CPU
	EndGlobalSection
	GlobalSection(ProjectConfigurationPlatforms) = postSolution
		{6019409D-B0FE-4778-8158-7DFC6D1CF934}.Debug|Any CPU.ActiveCfg = Debug|Any CPU
		{6019409D-B0FE-4778-8158-7DFC6D1CF934}.Debug|Any CPU.Build.0 = Debug|Any CPU
		{6019409D-B0FE-4778-8158-7DFC6D1CF934}.Release|Any CPU.ActiveCfg = Release|Any CPU
		{6019409D-B0FE-4778-8158-7DFC6D1CF934}.Release|Any CPU.Build.0 = Release|Any CPU
	EndGlobalSection
	GlobalSection(SolutionProperties) = preSolution
		HideSolutionNode = FALSE
	EndGlobalSection
EndGlobal
