
Microsoft Visual Studio Solution File, Format Version 10.00
# Visual Studio 2008
Project("{FAE04EC0-301F-11D3-BF4B-00C04F79EFBC}") = "HackerConsole", "HackerConsole\HackerConsole.csproj", "{72E2CB08-3C65-4484-A52C-3D0CB7BF8E41}"
EndProject
Global
	GlobalSection(SolutionConfigurationPlatforms) = preSolution
		Debug|Any CPU = Debug|Any CPU
		Release|Any CPU = Release|Any CPU
	EndGlobalSection
	GlobalSection(ProjectConfigurationPlatforms) = postSolution
		{72E2CB08-3C65-4484-A52C-3D0CB7BF8E41}.Debug|Any CPU.ActiveCfg = Debug|Any CPU
		{72E2CB08-3C65-4484-A52C-3D0CB7BF8E41}.Debug|Any CPU.Build.0 = Debug|Any CPU
		{72E2CB08-3C65-4484-A52C-3D0CB7BF8E41}.Release|Any CPU.ActiveCfg = Release|Any CPU
		{72E2CB08-3C65-4484-A52C-3D0CB7BF8E41}.Release|Any CPU.Build.0 = Release|Any CPU
	EndGlobalSection
	GlobalSection(SolutionProperties) = preSolution
		HideSolutionNode = FALSE
	EndGlobalSection
EndGlobal
