
Microsoft Visual Studio Solution File, Format Version 10.00
# Visual Studio 2008
Project("{FAE04EC0-301F-11D3-BF4B-00C04F79EFBC}") = "Nathandelane.IO.FileTool", "Nathandelane.IO.FileTool\Nathandelane.IO.FileTool.csproj", "{76FE666A-F2EF-4F39-A60B-998D36401449}"
EndProject
Global
	GlobalSection(SolutionConfigurationPlatforms) = preSolution
		Debug|Any CPU = Debug|Any CPU
		Release|Any CPU = Release|Any CPU
	EndGlobalSection
	GlobalSection(ProjectConfigurationPlatforms) = postSolution
		{76FE666A-F2EF-4F39-A60B-998D36401449}.Debug|Any CPU.ActiveCfg = Debug|Any CPU
		{76FE666A-F2EF-4F39-A60B-998D36401449}.Debug|Any CPU.Build.0 = Debug|Any CPU
		{76FE666A-F2EF-4F39-A60B-998D36401449}.Release|Any CPU.ActiveCfg = Release|Any CPU
		{76FE666A-F2EF-4F39-A60B-998D36401449}.Release|Any CPU.Build.0 = Release|Any CPU
	EndGlobalSection
	GlobalSection(SolutionProperties) = preSolution
		HideSolutionNode = FALSE
	EndGlobalSection
EndGlobal
