
Microsoft Visual Studio Solution File, Format Version 10.00
# Visual Studio 2008
Project("{FAE04EC0-301F-11D3-BF4B-00C04F79EFBC}") = "Nathandelane.Security.Analyzer", "Nathandelane.Security.Analyzer.csproj", "{D010CD0B-3477-424C-B7E8-76F2763E523B}"
EndProject
Global
	GlobalSection(SolutionConfigurationPlatforms) = preSolution
		Debug|Any CPU = Debug|Any CPU
		Release|Any CPU = Release|Any CPU
	EndGlobalSection
	GlobalSection(ProjectConfigurationPlatforms) = postSolution
		{D010CD0B-3477-424C-B7E8-76F2763E523B}.Debug|Any CPU.ActiveCfg = Debug|Any CPU
		{D010CD0B-3477-424C-B7E8-76F2763E523B}.Debug|Any CPU.Build.0 = Debug|Any CPU
		{D010CD0B-3477-424C-B7E8-76F2763E523B}.Release|Any CPU.ActiveCfg = Release|Any CPU
		{D010CD0B-3477-424C-B7E8-76F2763E523B}.Release|Any CPU.Build.0 = Release|Any CPU
	EndGlobalSection
	GlobalSection(SolutionProperties) = preSolution
		HideSolutionNode = FALSE
	EndGlobalSection
EndGlobal
