
Microsoft Visual Studio Solution File, Format Version 10.00
# Visual Studio 2008
Project("{FAE04EC0-301F-11D3-BF4B-00C04F79EFBC}") = "Nathandelane.Net.Spider", "Nathandelane.Net.Spider\Nathandelane.Net.Spider.csproj", "{1E72CC23-12BF-48F3-8639-194BBFF896A1}"
EndProject
Global
	GlobalSection(SolutionConfigurationPlatforms) = preSolution
		Debug|Any CPU = Debug|Any CPU
		Release|Any CPU = Release|Any CPU
	EndGlobalSection
	GlobalSection(ProjectConfigurationPlatforms) = postSolution
		{1E72CC23-12BF-48F3-8639-194BBFF896A1}.Debug|Any CPU.ActiveCfg = Debug|Any CPU
		{1E72CC23-12BF-48F3-8639-194BBFF896A1}.Debug|Any CPU.Build.0 = Debug|Any CPU
		{1E72CC23-12BF-48F3-8639-194BBFF896A1}.Release|Any CPU.ActiveCfg = Release|Any CPU
		{1E72CC23-12BF-48F3-8639-194BBFF896A1}.Release|Any CPU.Build.0 = Release|Any CPU
	EndGlobalSection
	GlobalSection(SolutionProperties) = preSolution
		HideSolutionNode = FALSE
	EndGlobalSection
EndGlobal
