
Microsoft Visual Studio Solution File, Format Version 9.00
# Visual C# Express 2005
Project("{FAE04EC0-301F-11D3-BF4B-00C04F79EFBC}") = "Nathandelane.IO.Analyze", "Nathandelane.IO.Analyze\Nathandelane.IO.Analyze.csproj", "{174A0116-2394-4824-8585-93697179834D}"
EndProject
Global
	GlobalSection(SolutionConfigurationPlatforms) = preSolution
		Debug|Any CPU = Debug|Any CPU
		Release|Any CPU = Release|Any CPU
	EndGlobalSection
	GlobalSection(ProjectConfigurationPlatforms) = postSolution
		{174A0116-2394-4824-8585-93697179834D}.Debug|Any CPU.ActiveCfg = Debug|Any CPU
		{174A0116-2394-4824-8585-93697179834D}.Debug|Any CPU.Build.0 = Debug|Any CPU
		{174A0116-2394-4824-8585-93697179834D}.Release|Any CPU.ActiveCfg = Release|Any CPU
		{174A0116-2394-4824-8585-93697179834D}.Release|Any CPU.Build.0 = Release|Any CPU
	EndGlobalSection
	GlobalSection(SolutionProperties) = preSolution
		HideSolutionNode = FALSE
	EndGlobalSection
EndGlobal
