
Microsoft Visual Studio Solution File, Format Version 9.00
# Visual C# Express 2005
Project("{FAE04EC0-301F-11D3-BF4B-00C04F79EFBC}") = "Nathandelane.Examples.Classes", "Nathandelane.Examples.Classes\Nathandelane.Examples.Classes.csproj", "{CBC2310B-52F1-4B55-926F-BDC5540EB3ED}"
EndProject
Global
	GlobalSection(SolutionConfigurationPlatforms) = preSolution
		Debug|Any CPU = Debug|Any CPU
		Release|Any CPU = Release|Any CPU
	EndGlobalSection
	GlobalSection(ProjectConfigurationPlatforms) = postSolution
		{CBC2310B-52F1-4B55-926F-BDC5540EB3ED}.Debug|Any CPU.ActiveCfg = Debug|Any CPU
		{CBC2310B-52F1-4B55-926F-BDC5540EB3ED}.Debug|Any CPU.Build.0 = Debug|Any CPU
		{CBC2310B-52F1-4B55-926F-BDC5540EB3ED}.Release|Any CPU.ActiveCfg = Release|Any CPU
		{CBC2310B-52F1-4B55-926F-BDC5540EB3ED}.Release|Any CPU.Build.0 = Release|Any CPU
	EndGlobalSection
	GlobalSection(SolutionProperties) = preSolution
		HideSolutionNode = FALSE
	EndGlobalSection
EndGlobal
