
Microsoft Visual Studio Solution File, Format Version 9.00
# Visual C# Express 2005
Project("{FAE04EC0-301F-11D3-BF4B-00C04F79EFBC}") = "Nathandelane.Net.PortScanner", "Nathandelane.Net.PortScanner\Nathandelane.Net.PortScanner.csproj", "{EEEC210D-B3C5-4BBB-88CB-74770440DD3A}"
EndProject
Global
	GlobalSection(SolutionConfigurationPlatforms) = preSolution
		Debug|Any CPU = Debug|Any CPU
		Release|Any CPU = Release|Any CPU
	EndGlobalSection
	GlobalSection(ProjectConfigurationPlatforms) = postSolution
		{EEEC210D-B3C5-4BBB-88CB-74770440DD3A}.Debug|Any CPU.ActiveCfg = Debug|Any CPU
		{EEEC210D-B3C5-4BBB-88CB-74770440DD3A}.Debug|Any CPU.Build.0 = Debug|Any CPU
		{EEEC210D-B3C5-4BBB-88CB-74770440DD3A}.Release|Any CPU.ActiveCfg = Release|Any CPU
		{EEEC210D-B3C5-4BBB-88CB-74770440DD3A}.Release|Any CPU.Build.0 = Release|Any CPU
	EndGlobalSection
	GlobalSection(SolutionProperties) = preSolution
		HideSolutionNode = FALSE
	EndGlobalSection
EndGlobal
