
Microsoft Visual Studio Solution File, Format Version 10.00
# Visual Studio 2008
Project("{FAE04EC0-301F-11D3-BF4B-00C04F79EFBC}") = "Nathandelane.System.PersonalCalculator2", "Nathandelane.System.PersonalCalculator2\Nathandelane.System.PersonalCalculator2.csproj", "{7A598F04-0A38-40CA-8E6E-AFA40BC46051}"
EndProject
Project("{FAE04EC0-301F-11D3-BF4B-00C04F79EFBC}") = "Nathandelane.System", "Nathandelane.System\Nathandelane.System.csproj", "{B23528D5-2B99-4A66-A064-98D8646397C0}"
EndProject
Global
	GlobalSection(SolutionConfigurationPlatforms) = preSolution
		Debug|Any CPU = Debug|Any CPU
		Release|Any CPU = Release|Any CPU
	EndGlobalSection
	GlobalSection(ProjectConfigurationPlatforms) = postSolution
		{7A598F04-0A38-40CA-8E6E-AFA40BC46051}.Debug|Any CPU.ActiveCfg = Debug|Any CPU
		{7A598F04-0A38-40CA-8E6E-AFA40BC46051}.Debug|Any CPU.Build.0 = Debug|Any CPU
		{7A598F04-0A38-40CA-8E6E-AFA40BC46051}.Release|Any CPU.ActiveCfg = Release|Any CPU
		{7A598F04-0A38-40CA-8E6E-AFA40BC46051}.Release|Any CPU.Build.0 = Release|Any CPU
		{B23528D5-2B99-4A66-A064-98D8646397C0}.Debug|Any CPU.ActiveCfg = Debug|Any CPU
		{B23528D5-2B99-4A66-A064-98D8646397C0}.Debug|Any CPU.Build.0 = Debug|Any CPU
		{B23528D5-2B99-4A66-A064-98D8646397C0}.Release|Any CPU.ActiveCfg = Release|Any CPU
		{B23528D5-2B99-4A66-A064-98D8646397C0}.Release|Any CPU.Build.0 = Release|Any CPU
	EndGlobalSection
	GlobalSection(SolutionProperties) = preSolution
		HideSolutionNode = FALSE
	EndGlobalSection
EndGlobal
