
Microsoft Visual Studio Solution File, Format Version 10.00
# Visual Studio 2008
Project("{FAE04EC0-301F-11D3-BF4B-00C04F79EFBC}") = "Nathandelane.IO.Encrypt", "Nathandelane.IO.Encrypt\Nathandelane.IO.Encrypt.csproj", "{F6CF21E5-62AC-46ED-AC75-738668EDC029}"
EndProject
Global
	GlobalSection(SolutionConfigurationPlatforms) = preSolution
		Debug|Any CPU = Debug|Any CPU
		Release|Any CPU = Release|Any CPU
	EndGlobalSection
	GlobalSection(ProjectConfigurationPlatforms) = postSolution
		{F6CF21E5-62AC-46ED-AC75-738668EDC029}.Debug|Any CPU.ActiveCfg = Debug|Any CPU
		{F6CF21E5-62AC-46ED-AC75-738668EDC029}.Debug|Any CPU.Build.0 = Debug|Any CPU
		{F6CF21E5-62AC-46ED-AC75-738668EDC029}.Release|Any CPU.ActiveCfg = Release|Any CPU
		{F6CF21E5-62AC-46ED-AC75-738668EDC029}.Release|Any CPU.Build.0 = Release|Any CPU
	EndGlobalSection
	GlobalSection(SolutionProperties) = preSolution
		HideSolutionNode = FALSE
	EndGlobalSection
EndGlobal
