
Microsoft Visual Studio Solution File, Format Version 10.00
# Visual Studio 2008
Project("{FAE04EC0-301F-11D3-BF4B-00C04F79EFBC}") = "Nathandelane.IO.DataDump", "Nathandelane.IO.DataDump\Nathandelane.IO.DataDump.csproj", "{D0DB3876-7C50-40B2-A90C-6209261DB540}"
EndProject
Global
	GlobalSection(SolutionConfigurationPlatforms) = preSolution
		Debug|Any CPU = Debug|Any CPU
		Release|Any CPU = Release|Any CPU
	EndGlobalSection
	GlobalSection(ProjectConfigurationPlatforms) = postSolution
		{D0DB3876-7C50-40B2-A90C-6209261DB540}.Debug|Any CPU.ActiveCfg = Debug|Any CPU
		{D0DB3876-7C50-40B2-A90C-6209261DB540}.Debug|Any CPU.Build.0 = Debug|Any CPU
		{D0DB3876-7C50-40B2-A90C-6209261DB540}.Release|Any CPU.ActiveCfg = Release|Any CPU
		{D0DB3876-7C50-40B2-A90C-6209261DB540}.Release|Any CPU.Build.0 = Release|Any CPU
	EndGlobalSection
	GlobalSection(SolutionProperties) = preSolution
		HideSolutionNode = FALSE
	EndGlobalSection
EndGlobal
